
Microsoft Visual Studio Solution File, Format Version 12.00
# Visual Studio Version 17
VisualStudioVersion = 17.7.34221.43
MinimumVisualStudioVersion = 10.0.40219.1
Project("{FAE04EC0-301F-11D3-BF4B-00C04F79EFBC}") = "WebApplication12", "WebApplication12\WebApplication12.csproj", "{71681A30-09F4-4091-AC67-F9BF8C5D61F8}"
EndProject
Global
	GlobalSection(SolutionConfigurationPlatforms) = preSolution
		Debug|Any CPU = Debug|Any CPU
		Release|Any CPU = Release|Any CPU
	EndGlobalSection
	GlobalSection(ProjectConfigurationPlatforms) = postSolution
		{71681A30-09F4-4091-AC67-F9BF8C5D61F8}.Debug|Any CPU.ActiveCfg = Debug|Any CPU
		{71681A30-09F4-4091-AC67-F9BF8C5D61F8}.Debug|Any CPU.Build.0 = Debug|Any CPU
		{71681A30-09F4-4091-AC67-F9BF8C5D61F8}.Release|Any CPU.ActiveCfg = Release|Any CPU
		{71681A30-09F4-4091-AC67-F9BF8C5D61F8}.Release|Any CPU.Build.0 = Release|Any CPU
	EndGlobalSection
	GlobalSection(SolutionProperties) = preSolution
		HideSolutionNode = FALSE
	EndGlobalSection
	GlobalSection(ExtensibilityGlobals) = postSolution
		SolutionGuid = {75AE66B7-B22F-4E63-806D-C82DEFAA27FE}
	EndGlobalSection
EndGlobal
